
Microsoft Visual Studio Solution File, Format Version 12.00
# Visual Studio Version 16
VisualStudioVersion = 16.0.30320.27
MinimumVisualStudioVersion = 10.0.40219.1
Project("{FAE04EC0-301F-11D3-BF4B-00C04F79EFBC}") = "BogustTestApp", "BogustTestApp\BogustTestApp.csproj", "{26A5274F-AD5E-43C5-AD9D-04AC4718E598}"
EndProject
Project("{2150E333-8FDC-42A3-9474-1A3956D46DE8}") = "Basic", "Basic", "{F38989CF-F7F4-4B06-99F3-9E8548CF738D}"
EndProject
Project("{2150E333-8FDC-42A3-9474-1A3956D46DE8}") = "Intermediate", "Intermediate", "{0D93EC60-2D06-4C01-A9AE-757A4E1EB2A5}"
EndProject
Project("{2150E333-8FDC-42A3-9474-1A3956D46DE8}") = "Advanced", "Advanced", "{E3647913-4B66-4793-9ACD-1CE237563778}"
EndProject
Project("{FAE04EC0-301F-11D3-BF4B-00C04F79EFBC}") = "BogusFakeWeatherApp", "BogusFakeWeatherApp\BogusFakeWeatherApp.csproj", "{C1BE1881-650F-4A7A-97B7-37CE427DAD05}"
EndProject
Project("{FAE04EC0-301F-11D3-BF4B-00C04F79EFBC}") = "BogusMqttPubApp", "BogusMqttPubApp\BogusMqttPubApp.csproj", "{7893D77E-F26D-425E-9456-0E9668344972}"
EndProject
Project("{FAE04EC0-301F-11D3-BF4B-00C04F79EFBC}") = "BackgroundWorkerApp", "BackgroundWorkerApp\BackgroundWorkerApp.csproj", "{01088895-9AE9-4F71-BFE6-A3A22AA8ABA2}"
EndProject
Project("{FAE04EC0-301F-11D3-BF4B-00C04F79EFBC}") = "WpfBackgroundWorkerApp", "WpfBackgroundWorkerApp\WpfBackgroundWorkerApp.csproj", "{E3AED338-BD8E-40E4-B1DB-498598DB05F1}"
EndProject
Project("{9A19103F-16F7-4668-BE54-9A1E7A4F7556}") = "BackWorkerWpf", "BackWorkerWpf\BackWorkerWpf.csproj", "{92489B0B-A6CE-471E-92BE-4C3CD584AB71}"
EndProject
Project("{FAE04EC0-301F-11D3-BF4B-00C04F79EFBC}") = "BogusMqttWinPublishApp", "BogusMqttWinPublishApp\BogusMqttWinPublishApp.csproj", "{D51E6459-E695-469D-BCDA-BAE0924A061F}"
EndProject
Project("{9A19103F-16F7-4668-BE54-9A1E7A4F7556}") = "BogusMqttWinCoreApp", "BogusMqttWinCoreApp\BogusMqttWinCoreApp.csproj", "{6B789272-B2DB-426C-9C5C-E95AB7027106}"
EndProject
Project("{FAE04EC0-301F-11D3-BF4B-00C04F79EFBC}") = "MqttMonitoringApp", "MqttMonitoringApp\MqttMonitoringApp.csproj", "{2EDFB258-685A-4A22-8C01-41BA211A8FBB}"
EndProject
Global
	GlobalSection(SolutionConfigurationPlatforms) = preSolution
		Debug|Any CPU = Debug|Any CPU
		Release|Any CPU = Release|Any CPU
	EndGlobalSection
	GlobalSection(ProjectConfigurationPlatforms) = postSolution
		{26A5274F-AD5E-43C5-AD9D-04AC4718E598}.Debug|Any CPU.ActiveCfg = Debug|Any CPU
		{26A5274F-AD5E-43C5-AD9D-04AC4718E598}.Debug|Any CPU.Build.0 = Debug|Any CPU
		{26A5274F-AD5E-43C5-AD9D-04AC4718E598}.Release|Any CPU.ActiveCfg = Release|Any CPU
		{26A5274F-AD5E-43C5-AD9D-04AC4718E598}.Release|Any CPU.Build.0 = Release|Any CPU
		{C1BE1881-650F-4A7A-97B7-37CE427DAD05}.Debug|Any CPU.ActiveCfg = Debug|Any CPU
		{C1BE1881-650F-4A7A-97B7-37CE427DAD05}.Debug|Any CPU.Build.0 = Debug|Any CPU
		{C1BE1881-650F-4A7A-97B7-37CE427DAD05}.Release|Any CPU.ActiveCfg = Release|Any CPU
		{C1BE1881-650F-4A7A-97B7-37CE427DAD05}.Release|Any CPU.Build.0 = Release|Any CPU
		{7893D77E-F26D-425E-9456-0E9668344972}.Debug|Any CPU.ActiveCfg = Debug|Any CPU
		{7893D77E-F26D-425E-9456-0E9668344972}.Debug|Any CPU.Build.0 = Debug|Any CPU
		{7893D77E-F26D-425E-9456-0E9668344972}.Release|Any CPU.ActiveCfg = Release|Any CPU
		{7893D77E-F26D-425E-9456-0E9668344972}.Release|Any CPU.Build.0 = Release|Any CPU
		{01088895-9AE9-4F71-BFE6-A3A22AA8ABA2}.Debug|Any CPU.ActiveCfg = Debug|Any CPU
		{01088895-9AE9-4F71-BFE6-A3A22AA8ABA2}.Debug|Any CPU.Build.0 = Debug|Any CPU
		{01088895-9AE9-4F71-BFE6-A3A22AA8ABA2}.Release|Any CPU.ActiveCfg = Release|Any CPU
		{01088895-9AE9-4F71-BFE6-A3A22AA8ABA2}.Release|Any CPU.Build.0 = Release|Any CPU
		{E3AED338-BD8E-40E4-B1DB-498598DB05F1}.Debug|Any CPU.ActiveCfg = Debug|Any CPU
		{E3AED338-BD8E-40E4-B1DB-498598DB05F1}.Debug|Any CPU.Build.0 = Debug|Any CPU
		{E3AED338-BD8E-40E4-B1DB-498598DB05F1}.Release|Any CPU.ActiveCfg = Release|Any CPU
		{E3AED338-BD8E-40E4-B1DB-498598DB05F1}.Release|Any CPU.Build.0 = Release|Any CPU
		{92489B0B-A6CE-471E-92BE-4C3CD584AB71}.Debug|Any CPU.ActiveCfg = Debug|Any CPU
		{92489B0B-A6CE-471E-92BE-4C3CD584AB71}.Debug|Any CPU.Build.0 = Debug|Any CPU
		{92489B0B-A6CE-471E-92BE-4C3CD584AB71}.Release|Any CPU.ActiveCfg = Release|Any CPU
		{92489B0B-A6CE-471E-92BE-4C3CD584AB71}.Release|Any CPU.Build.0 = Release|Any CPU
		{D51E6459-E695-469D-BCDA-BAE0924A061F}.Debug|Any CPU.ActiveCfg = Debug|Any CPU
		{D51E6459-E695-469D-BCDA-BAE0924A061F}.Debug|Any CPU.Build.0 = Debug|Any CPU
		{D51E6459-E695-469D-BCDA-BAE0924A061F}.Release|Any CPU.ActiveCfg = Release|Any CPU
		{D51E6459-E695-469D-BCDA-BAE0924A061F}.Release|Any CPU.Build.0 = Release|Any CPU
		{6B789272-B2DB-426C-9C5C-E95AB7027106}.Debug|Any CPU.ActiveCfg = Debug|Any CPU
		{6B789272-B2DB-426C-9C5C-E95AB7027106}.Debug|Any CPU.Build.0 = Debug|Any CPU
		{6B789272-B2DB-426C-9C5C-E95AB7027106}.Release|Any CPU.ActiveCfg = Release|Any CPU
		{6B789272-B2DB-426C-9C5C-E95AB7027106}.Release|Any CPU.Build.0 = Release|Any CPU
		{2EDFB258-685A-4A22-8C01-41BA211A8FBB}.Debug|Any CPU.ActiveCfg = Debug|Any CPU
		{2EDFB258-685A-4A22-8C01-41BA211A8FBB}.Debug|Any CPU.Build.0 = Debug|Any CPU
		{2EDFB258-685A-4A22-8C01-41BA211A8FBB}.Release|Any CPU.ActiveCfg = Release|Any CPU
		{2EDFB258-685A-4A22-8C01-41BA211A8FBB}.Release|Any CPU.Build.0 = Release|Any CPU
	EndGlobalSection
	GlobalSection(SolutionProperties) = preSolution
		HideSolutionNode = FALSE
	EndGlobalSection
	GlobalSection(NestedProjects) = preSolution
		{26A5274F-AD5E-43C5-AD9D-04AC4718E598} = {F38989CF-F7F4-4B06-99F3-9E8548CF738D}
		{C1BE1881-650F-4A7A-97B7-37CE427DAD05} = {F38989CF-F7F4-4B06-99F3-9E8548CF738D}
		{7893D77E-F26D-425E-9456-0E9668344972} = {0D93EC60-2D06-4C01-A9AE-757A4E1EB2A5}
		{01088895-9AE9-4F71-BFE6-A3A22AA8ABA2} = {0D93EC60-2D06-4C01-A9AE-757A4E1EB2A5}
		{E3AED338-BD8E-40E4-B1DB-498598DB05F1} = {0D93EC60-2D06-4C01-A9AE-757A4E1EB2A5}
		{92489B0B-A6CE-471E-92BE-4C3CD584AB71} = {0D93EC60-2D06-4C01-A9AE-757A4E1EB2A5}
		{D51E6459-E695-469D-BCDA-BAE0924A061F} = {0D93EC60-2D06-4C01-A9AE-757A4E1EB2A5}
		{6B789272-B2DB-426C-9C5C-E95AB7027106} = {0D93EC60-2D06-4C01-A9AE-757A4E1EB2A5}
		{2EDFB258-685A-4A22-8C01-41BA211A8FBB} = {E3647913-4B66-4793-9ACD-1CE237563778}
	EndGlobalSection
	GlobalSection(ExtensibilityGlobals) = postSolution
		SolutionGuid = {E28C9D5D-F213-4476-B9EA-63A4028DE516}
	EndGlobalSection
EndGlobal
